<?xml version="1.0" encoding="utf-8"?>
<Project ToolsVersion="4.0" xmlns="http://schemas.microsoft.com/developer/msbuild/2003">
  <ItemGroup>
    <Filter Include="Quartz">
      <UniqueIdentifier>{CC374DCD-B8D9-77A3-A194-8BF78DD5FEF3}</UniqueIdentifier>
    </Filter>
    <Filter Include="Quartz\Events">
      <UniqueIdentifier>{30A65469-9C66-D09F-65A1-191DD120157C}</UniqueIdentifier>
    </Filter>
  </ItemGroup>
  <ItemGroup>
    <ClInclude Include="src\Quartz.h" />
    <ClInclude Include="src\Quartz\Application.h">
      <Filter>Quartz</Filter>
    </ClInclude>
    <ClInclude Include="src\Quartz\Core.h">
      <Filter>Quartz</Filter>
    </ClInclude>
    <ClInclude Include="src\Quartz\EntryPoint.h">
      <Filter>Quartz</Filter>
    </ClInclude>
    <ClInclude Include="src\Quartz\Events\ApplicationEvent.h">
      <Filter>Quartz\Events</Filter>
    </ClInclude>
    <ClInclude Include="src\Quartz\Events\Event.h">
      <Filter>Quartz\Events</Filter>
    </ClInclude>
    <ClInclude Include="src\Quartz\Events\KeyEvent.h">
      <Filter>Quartz\Events</Filter>
    </ClInclude>
    <ClInclude Include="src\Quartz\Events\MouseEvent.h">
      <Filter>Quartz\Events</Filter>
    </ClInclude>
    <ClInclude Include="src\Quartz\Log.h">
      <Filter>Quartz</Filter>
    </ClInclude>
    <ClInclude Include="src\qtpch.h" />
  </ItemGroup>
  <ItemGroup>
    <ClCompile Include="src\Quartz\Application.cpp">
      <Filter>Quartz</Filter>
    </ClCompile>
    <ClCompile Include="src\Quartz\Log.cpp">
      <Filter>Quartz</Filter>
    </ClCompile>
    <ClCompile Include="src\qtpch.cpp" />
  </ItemGroup>
</Project>